{
  "name": "veasysport-wordpress",
  "lockfileVersion": 3,
  "requires": true,
  "packages": {
    "": {
      "dependencies": {
        "@open-iframe-resizer/core": "^1.3.1"
      }
    },
    "node_modules/@open-iframe-resizer/core": {
      "version": "1.3.1",
      "resolved": "https://registry.npmjs.org/@open-iframe-resizer/core/-/core-1.3.1.tgz",
      "integrity": "sha512-1TwYuaN1Zq/aYxUWN9N5KXtwzhGsXKxbV6CD7bq6RCARbl2mZPFuPWQp7L/DKf+O57henI7JpKxamm4tbGMkRg==",
      "license": "MIT"
    }
  }
}
